// !$*UTF8*$!
{
	archiveVersion = 1;
	classes = {
	};
	objectVersion = 50;
	objects = {

/* Begin PBXBuildFile section */
		691B781C20B369190009EED1 /* GameDetailTableViewController.swift in Sources */ = {isa = PBXBuildFile; fileRef = 691B781B20B369190009EED1 /* GameDetailTableViewController.swift */; };
		69584E9E20B2E44000194DBA /* AppDelegate.swift in Sources */ = {isa = PBXBuildFile; fileRef = 69584E9D20B2E44000194DBA /* AppDelegate.swift */; };
		69584EA020B2E44000194DBA /* GameSearchViewController.swift in Sources */ = {isa = PBXBuildFile; fileRef = 69584E9F20B2E44000194DBA /* GameSearchViewController.swift */; };
		69584EA320B2E44000194DBA /* Main.storyboard in Resources */ = {isa = PBXBuildFile; fileRef = 69584EA120B2E44000194DBA /* Main.storyboard */; };
		69584EA520B2E44100194DBA /* Assets.xcassets in Resources */ = {isa = PBXBuildFile; fileRef = 69584EA420B2E44100194DBA /* Assets.xcassets */; };
		69584EA820B2E44100194DBA /* LaunchScreen.storyboard in Resources */ = {isa = PBXBuildFile; fileRef = 69584EA620B2E44100194DBA /* LaunchScreen.storyboard */; };
		69584EB020B2E8EE00194DBA /* GiantBombClient.swift in Sources */ = {isa = PBXBuildFile; fileRef = 69584EAF20B2E8EE00194DBA /* GiantBombClient.swift */; };
/* End PBXBuildFile section */

/* Begin PBXFileReference section */
		691B781B20B369190009EED1 /* GameDetailTableViewController.swift */ = {isa = PBXFileReference; lastKnownFileType = sourcecode.swift; path = GameDetailTableViewController.swift; sourceTree = "<group>"; };
		69584E9A20B2E44000194DBA /* GameSearch.app */ = {isa = PBXFileReference; explicitFileType = wrapper.application; includeInIndex = 0; path = GameSearch.app; sourceTree = BUILT_PRODUCTS_DIR; };
		69584E9D20B2E44000194DBA /* AppDelegate.swift */ = {isa = PBXFileReference; lastKnownFileType = sourcecode.swift; path = AppDelegate.swift; sourceTree = "<group>"; };
		69584E9F20B2E44000194DBA /* GameSearchViewController.swift */ = {isa = PBXFileReference; lastKnownFileType = sourcecode.swift; path = GameSearchViewController.swift; sourceTree = "<group>"; };
		69584EA220B2E44000194DBA /* Base */ = {isa = PBXFileReference; lastKnownFileType = file.storyboard; name = Base; path = Base.lproj/Main.storyboard; sourceTree = "<group>"; };
		69584EA420B2E44100194DBA /* Assets.xcassets */ = {isa = PBXFileReference; lastKnownFileType = folder.assetcatalog; path = Assets.xcassets; sourceTree = "<group>"; };
		69584EA720B2E44100194DBA /* Base */ = {isa = PBXFileReference; lastKnownFileType = file.storyboard; name = Base; path = Base.lproj/LaunchScreen.storyboard; sourceTree = "<group>"; };
		69584EA920B2E44100194DBA /* Info.plist */ = {isa = PBXFileReference; lastKnownFileType = text.plist.xml; path = Info.plist; sourceTree = "<group>"; };
		69584EAF20B2E8EE00194DBA /* GiantBombClient.swift */ = {isa = PBXFileReference; lastKnownFileType = sourcecode.swift; path = GiantBombClient.swift; sourceTree = "<group>"; };
/* End PBXFileReference section */

/* Begin PBXFrameworksBuildPhase section */
		69584E9720B2E44000194DBA /* Frameworks */ = {
			isa = PBXFrameworksBuildPhase;
			buildActionMask = 2147483647;
			files = (
			);
			runOnlyForDeploymentPostprocessing = 0;
		};
/* End PBXFrameworksBuildPhase section */

/* Begin PBXGroup section */
		69584E9120B2E44000194DBA = {
			isa = PBXGroup;
			children = (
				69584E9C20B2E44000194DBA /* GameSearch */,
				69584E9B20B2E44000194DBA /* Products */,
			);
			sourceTree = "<group>";
		};
		69584E9B20B2E44000194DBA /* Products */ = {
			isa = PBXGroup;
			children = (
				69584E9A20B2E44000194DBA /* GameSearch.app */,
			);
			name = Products;
			sourceTree = "<group>";
		};
		69584E9C20B2E44000194DBA /* GameSearch */ = {
			isa = PBXGroup;
			children = (
				69584E9D20B2E44000194DBA /* AppDelegate.swift */,
				69584EB220B3403E00194DBA /* Model */,
				69584EB120B3402700194DBA /* View Controllers */,
				69584EB320B3404E00194DBA /* Storyboards */,
				69584EA420B2E44100194DBA /* Assets.xcassets */,
				69584EA920B2E44100194DBA /* Info.plist */,
			);
			path = GameSearch;
			sourceTree = "<group>";
		};
		69584EB120B3402700194DBA /* View Controllers */ = {
			isa = PBXGroup;
			children = (
				69584E9F20B2E44000194DBA /* GameSearchViewController.swift */,
				691B781B20B369190009EED1 /* GameDetailTableViewController.swift */,
			);
			path = "View Controllers";
			sourceTree = "<group>";
		};
		69584EB220B3403E00194DBA /* Model */ = {
			isa = PBXGroup;
			children = (
				69584EAF20B2E8EE00194DBA /* GiantBombClient.swift */,
			);
			path = Model;
			sourceTree = "<group>";
		};
		69584EB320B3404E00194DBA /* Storyboards */ = {
			isa = PBXGroup;
			children = (
				69584EA120B2E44000194DBA /* Main.storyboard */,
				69584EA620B2E44100194DBA /* LaunchScreen.storyboard */,
			);
			path = Storyboards;
			sourceTree = "<group>";
		};
/* End PBXGroup section */

/* Begin PBXNativeTarget section */
		69584E9920B2E44000194DBA /* GameSearch */ = {
			isa = PBXNativeTarget;
			buildConfigurationList = 69584EAC20B2E44100194DBA /* Build configuration list for PBXNativeTarget "GameSearch" */;
			buildPhases = (
				69584E9620B2E44000194DBA /* Sources */,
				69584E9720B2E44000194DBA /* Frameworks */,
				69584E9820B2E44000194DBA /* Resources */,
			);
			buildRules = (
			);
			dependencies = (
			);
			name = GameSearch;
			productName = GameSearch;
			productReference = 69584E9A20B2E44000194DBA /* GameSearch.app */;
			productType = "com.apple.product-type.application";
		};
/* End PBXNativeTarget section */

/* Begin PBXProject section */
		69584E9220B2E44000194DBA /* Project object */ = {
			isa = PBXProject;
			attributes = {
				LastSwiftUpdateCheck = 0930;
				LastUpgradeCheck = 0930;
				ORGANIZATIONNAME = "Ibrahim Kurabi";
				TargetAttributes = {
					69584E9920B2E44000194DBA = {
						CreatedOnToolsVersion = 9.3.1;
					};
				};
			};
			buildConfigurationList = 69584E9520B2E44000194DBA /* Build configuration list for PBXProject "GameSearch" */;
			compatibilityVersion = "Xcode 9.3";
			developmentRegion = en;
			hasScannedForEncodings = 0;
			knownRegions = (
				en,
				Base,
			);
			mainGroup = 69584E9120B2E44000194DBA;
			productRefGroup = 69584E9B20B2E44000194DBA /* Products */;
			projectDirPath = "";
			projectRoot = "";
			targets = (
				69584E9920B2E44000194DBA /* GameSearch */,
			);
		};
/* End PBXProject section */

/* Begin PBXResourcesBuildPhase section */
		69584E9820B2E44000194DBA /* Resources */ = {
			isa = PBXResourcesBuildPhase;
			buildActionMask = 2147483647;
			files = (
				69584EA820B2E44100194DBA /* LaunchScreen.storyboard in Resources */,
				69584EA520B2E44100194DBA /* Assets.xcassets in Resources */,
				69584EA320B2E44000194DBA /* Main.storyboard in Resources */,
			);
			runOnlyForDeploymentPostprocessing = 0;
		};
/* End PBXResourcesBuildPhase section */

/* Begin PBXSourcesBuildPhase section */
		69584E9620B2E44000194DBA /* Sources */ = {
			isa = PBXSourcesBuildPhase;
			buildActionMask = 2147483647;
			files = (
				69584EB020B2E8EE00194DBA /* GiantBombClient.swift in Sources */,
				69584EA020B2E44000194DBA /* GameSearchViewController.swift in Sources */,
				691B781C20B369190009EED1 /* GameDetailTableViewController.swift in Sources */,
				69584E9E20B2E44000194DBA /* AppDelegate.swift in Sources */,
			);
			runOnlyForDeploymentPostprocessing = 0;
		};
/* End PBXSourcesBuildPhase section */

/* Begin PBXVariantGroup section */
		69584EA120B2E44000194DBA /* Main.storyboard */ = {
			isa = PBXVariantGroup;
			children = (
				69584EA220B2E44000194DBA /* Base */,
			);
			name = Main.storyboard;
			sourceTree = "<group>";
		};
		69584EA620B2E44100194DBA /* LaunchScreen.storyboard */ = {
			isa = PBXVariantGroup;
			children = (
				69584EA720B2E44100194DBA /* Base */,
			);
			name = LaunchScreen.storyboard;
			sourceTree = "<group>";
		};
/* End PBXVariantGroup section */

/* Begin XCBuildConfiguration section */
		69584EAA20B2E44100194DBA /* Debug */ = {
			isa = XCBuildConfiguration;
			buildSettings = {
				ALWAYS_SEARCH_USER_PATHS = NO;
				CLANG_ANALYZER_NONNULL = YES;
				CLANG_ANALYZER_NUMBER_OBJECT_CONVERSION = YES_AGGRESSIVE;
				CLANG_CXX_LANGUAGE_STANDARD = "gnu++14";
				CLANG_CXX_LIBRARY = "libc++";
				CLANG_ENABLE_MODULES = YES;
				CLANG_ENABLE_OBJC_ARC = YES;
				CLANG_ENABLE_OBJC_WEAK = YES;
				CLANG_WARN_BLOCK_CAPTURE_AUTORELEASING = YES;
				CLANG_WARN_BOOL_CONVERSION = YES;
				CLANG_WARN_COMMA = YES;
				CLANG_WARN_CONSTANT_CONVERSION = YES;
				CLANG_WARN_DEPRECATED_OBJC_IMPLEMENTATIONS = YES;
				CLANG_WARN_DIRECT_OBJC_ISA_USAGE = YES_ERROR;
				CLANG_WARN_DOCUMENTATION_COMMENTS = YES;
				CLANG_WARN_EMPTY_BODY = YES;
				CLANG_WARN_ENUM_CONVERSION = YES;
				CLANG_WARN_INFINITE_RECURSION = YES;
				CLANG_WARN_INT_CONVERSION = YES;
				CLANG_WARN_NON_LITERAL_NULL_CONVERSION = YES;
				CLANG_WARN_OBJC_IMPLICIT_RETAIN_SELF = YES;
				CLANG_WARN_OBJC_LITERAL_CONVERSION = YES;
				CLANG_WARN_OBJC_ROOT_CLASS = YES_ERROR;
				CLANG_WARN_RANGE_LOOP_ANALYSIS = YES;
				CLANG_WARN_STRICT_PROTOTYPES = YES;
				CLANG_WARN_SUSPICIOUS_MOVE = YES;
				CLANG_WARN_UNGUARDED_AVAILABILITY = YES_AGGRESSIVE;
				CLANG_WARN_UNREACHABLE_CODE = YES;
				CLANG_WARN__DUPLICATE_METHOD_MATCH = YES;
				CODE_SIGN_IDENTITY = "iPhone Developer";
				COPY_PHASE_STRIP = NO;
				DEBUG_INFORMATION_FORMAT = dwarf;
				ENABLE_STRICT_OBJC_MSGSEND = YES;
				ENABLE_TESTABILITY = YES;
				GCC_C_LANGUAGE_STANDARD = gnu11;
				GCC_DYNAMIC_NO_PIC = NO;
				GCC_NO_COMMON_BLOCKS = YES;
				GCC_OPTIMIZATION_LEVEL = 0;
				GCC_PREPROCESSOR_DEFINITIONS = (
					"DEBUG=1",
					"$(inherited)",
				);
				GCC_WARN_64_TO_32_BIT_CONVERSION = YES;
				GCC_WARN_ABOUT_RETURN_TYPE = YES_ERROR;
				GCC_WARN_UNDECLARED_SELECTOR = YES;
				GCC_WARN_UNINITIALIZED_AUTOS = YES_AGGRESSIVE;
				GCC_WARN_UNUSED_FUNCTION = YES;
				GCC_WARN_UNUSED_VARIABLE = YES;
				IPHONEOS_DEPLOYMENT_TARGET = 11.3;
				MTL_ENABLE_DEBUG_INFO = YES;
				ONLY_ACTIVE_ARCH = YES;
				SDKROOT = iphoneos;
				SWIFT_ACTIVE_COMPILATION_CONDITIONS = DEBUG;
				SWIFT_OPTIMIZATION_LEVEL = "-Onone";
			};
			name = Debug;
		};
		69584EAB20B2E44100194DBA /* Release */ = {
			isa = XCBuildConfiguration;
			buildSettings = {
				ALWAYS_SEARCH_USER_PATHS = NO;
				CLANG_ANALYZER_NONNULL = YES;
				CLANG_ANALYZER_NUMBER_OBJECT_CONVERSION = YES_AGGRESSIVE;
				CLANG_CXX_LANGUAGE_STANDARD = "gnu++14";
				CLANG_CXX_LIBRARY = "libc++";
				CLANG_ENABLE_MODULES = YES;
				CLANG_ENABLE_OBJC_ARC = YES;
				CLANG_ENABLE_OBJC_WEAK = YES;
				CLANG_WARN_BLOCK_CAPTURE_AUTORELEASING = YES;
				CLANG_WARN_BOOL_CONVERSION = YES;
				CLANG_WARN_COMMA = YES;
				CLANG_WARN_CONSTANT_CONVERSION = YES;
				CLANG_WARN_DEPRECATED_OBJC_IMPLEMENTATIONS = YES;
				CLANG_WARN_DIRECT_OBJC_ISA_USAGE = YES_ERROR;
				CLANG_WARN_DOCUMENTATION_COMMENTS = YES;
				CLANG_WARN_EMPTY_BODY = YES;
				CLANG_WARN_ENUM_CONVERSION = YES;
				CLANG_WARN_INFINITE_RECURSION = YES;
				CLANG_WARN_INT_CONVERSION = YES;
				CLANG_WARN_NON_LITERAL_NULL_CONVERSION = YES;
				CLANG_WARN_OBJC_IMPLICIT_RETAIN_SELF = YES;
				CLANG_WARN_OBJC_LITERAL_CONVERSION = YES;
				CLANG_WARN_OBJC_ROOT_CLASS = YES_ERROR;
				CLANG_WARN_RANGE_LOOP_ANALYSIS = YES;
				CLANG_WARN_STRICT_PROTOTYPES = YES;
				CLANG_WARN_SUSPICIOUS_MOVE = YES;
				CLANG_WARN_UNGUARDED_AVAILABILITY = YES_AGGRESSIVE;
				CLANG_WARN_UNREACHABLE_CODE = YES;
				CLANG_WARN__DUPLICATE_METHOD_MATCH = YES;
				CODE_SIGN_IDENTITY = "iPhone Developer";
				COPY_PHASE_STRIP = NO;
				DEBUG_INFORMATION_FORMAT = "dwarf-with-dsym";
				ENABLE_NS_ASSERTIONS = NO;
				ENABLE_STRICT_OBJC_MSGSEND = YES;
				GCC_C_LANGUAGE_STANDARD = gnu11;
				GCC_NO_COMMON_BLOCKS = YES;
				GCC_WARN_64_TO_32_BIT_CONVERSION = YES;
				GCC_WARN_ABOUT_RETURN_TYPE = YES_ERROR;
				GCC_WARN_UNDECLARED_SELECTOR = YES;
				GCC_WARN_UNINITIALIZED_AUTOS = YES_AGGRESSIVE;
				GCC_WARN_UNUSED_FUNCTION = YES;
				GCC_WARN_UNUSED_VARIABLE = YES;
				IPHONEOS_DEPLOYMENT_TARGET = 11.3;
				MTL_ENABLE_DEBUG_INFO = NO;
				SDKROOT = iphoneos;
				SWIFT_COMPILATION_MODE = wholemodule;
				SWIFT_OPTIMIZATION_LEVEL = "-O";
				VALIDATE_PRODUCT = YES;
			};
			name = Release;
		};
		69584EAD20B2E44100194DBA /* Debug */ = {
			isa = XCBuildConfiguration;
			buildSettings = {
				ASSETCATALOG_COMPILER_APPICON_NAME = AppIcon;
				CODE_SIGN_STYLE = Automatic;
				DEVELOPMENT_TEAM = 74ZABN2Z59;
				INFOPLIST_FILE = GameSearch/Info.plist;
				LD_RUNPATH_SEARCH_PATHS = (
					"$(inherited)",
					"@executable_path/Frameworks",
				);
				PRODUCT_BUNDLE_IDENTIFIER = com.IbrahimKurabi.GameSearch;
				PRODUCT_NAME = "$(TARGET_NAME)";
				SWIFT_VERSION = 4.0;
				TARGETED_DEVICE_FAMILY = "1,2";
			};
			name = Debug;
		};
		69584EAE20B2E44100194DBA /* Release */ = {
			isa = XCBuildConfiguration;
			buildSettings = {
				ASSETCATALOG_COMPILER_APPICON_NAME = AppIcon;
				CODE_SIGN_STYLE = Automatic;
				DEVELOPMENT_TEAM = 74ZABN2Z59;
				INFOPLIST_FILE = GameSearch/Info.plist;
				LD_RUNPATH_SEARCH_PATHS = (
					"$(inherited)",
					"@executable_path/Frameworks",
				);
				PRODUCT_BUNDLE_IDENTIFIER = com.IbrahimKurabi.GameSearch;
				PRODUCT_NAME = "$(TARGET_NAME)";
				SWIFT_VERSION = 4.0;
				TARGETED_DEVICE_FAMILY = "1,2";
			};
			name = Release;
		};
/* End XCBuildConfiguration section */

/* Begin XCConfigurationList section */
		69584E9520B2E44000194DBA /* Build configuration list for PBXProject "GameSearch" */ = {
			isa = XCConfigurationList;
			buildConfigurations = (
				69584EAA20B2E44100194DBA /* Debug */,
				69584EAB20B2E44100194DBA /* Release */,
			);
			defaultConfigurationIsVisible = 0;
			defaultConfigurationName = Release;
		};
		69584EAC20B2E44100194DBA /* Build configuration list for PBXNativeTarget "GameSearch" */ = {
			isa = XCConfigurationList;
			buildConfigurations = (
				69584EAD20B2E44100194DBA /* Debug */,
				69584EAE20B2E44100194DBA /* Release */,
			);
			defaultConfigurationIsVisible = 0;
			defaultConfigurationName = Release;
		};
/* End XCConfigurationList section */
	};
	rootObject = 69584E9220B2E44000194DBA /* Project object */;
}
